
Microsoft Visual Studio Solution File, Format Version 12.00
# Visual Studio Version 17
VisualStudioVersion = 17.0.31903.59
MinimumVisualStudioVersion = 10.0.40219.1
Project("{FAE04EC0-301F-11D3-BF4B-00C04F79EFBC}") = "Examiner.Authentication.Domain", "Examiner.Authentication.Domain\Examiner.Authentication.Domain.csproj", "{8149C398-9428-44B9-B9F5-CBEAD5BEF70A}"
EndProject
Project("{FAE04EC0-301F-11D3-BF4B-00C04F79EFBC}") = "Examiner.Common", "Examiner.Common\Examiner.Common.csproj", "{027ABA9B-635B-4C46-8714-63857CA954C7}"
EndProject
Project("{FAE04EC0-301F-11D3-BF4B-00C04F79EFBC}") = "Examiner.Authentication.Application", "Examiner.Authentication.Application\Examiner.Authentication.Application.csproj", "{B810EBAE-5B2A-4538-ADFB-2F7C387A6697}"
EndProject
Project("{FAE04EC0-301F-11D3-BF4B-00C04F79EFBC}") = "Examiner.Infrastructure", "Examiner.Infrastructure\Examiner.Infrastructure.csproj", "{82D18D1F-7476-4C95-B1C4-D26758E1F573}"
EndProject
Project("{FAE04EC0-301F-11D3-BF4B-00C04F79EFBC}") = "Examiner.API", "Examiner.API\Examiner.API.csproj", "{78CD51BE-0878-4FCD-BB48-C9972EB3A636}"
EndProject
Project("{FAE04EC0-301F-11D3-BF4B-00C04F79EFBC}") = "Examiner.Users.Application", "Examiner.Users.Application\Examiner.Users.Application.csproj", "{28373328-5CFA-49FD-A408-6B365BF322D3}"
EndProject
Global
	GlobalSection(SolutionConfigurationPlatforms) = preSolution
		Debug|Any CPU = Debug|Any CPU
		Release|Any CPU = Release|Any CPU
	EndGlobalSection
	GlobalSection(SolutionProperties) = preSolution
		HideSolutionNode = FALSE
	EndGlobalSection
	GlobalSection(ProjectConfigurationPlatforms) = postSolution
		{8149C398-9428-44B9-B9F5-CBEAD5BEF70A}.Debug|Any CPU.ActiveCfg = Debug|Any CPU
		{8149C398-9428-44B9-B9F5-CBEAD5BEF70A}.Debug|Any CPU.Build.0 = Debug|Any CPU
		{8149C398-9428-44B9-B9F5-CBEAD5BEF70A}.Release|Any CPU.ActiveCfg = Release|Any CPU
		{8149C398-9428-44B9-B9F5-CBEAD5BEF70A}.Release|Any CPU.Build.0 = Release|Any CPU
		{027ABA9B-635B-4C46-8714-63857CA954C7}.Debug|Any CPU.ActiveCfg = Debug|Any CPU
		{027ABA9B-635B-4C46-8714-63857CA954C7}.Debug|Any CPU.Build.0 = Debug|Any CPU
		{027ABA9B-635B-4C46-8714-63857CA954C7}.Release|Any CPU.ActiveCfg = Release|Any CPU
		{027ABA9B-635B-4C46-8714-63857CA954C7}.Release|Any CPU.Build.0 = Release|Any CPU
		{B810EBAE-5B2A-4538-ADFB-2F7C387A6697}.Debug|Any CPU.ActiveCfg = Debug|Any CPU
		{B810EBAE-5B2A-4538-ADFB-2F7C387A6697}.Debug|Any CPU.Build.0 = Debug|Any CPU
		{B810EBAE-5B2A-4538-ADFB-2F7C387A6697}.Release|Any CPU.ActiveCfg = Release|Any CPU
		{B810EBAE-5B2A-4538-ADFB-2F7C387A6697}.Release|Any CPU.Build.0 = Release|Any CPU
		{82D18D1F-7476-4C95-B1C4-D26758E1F573}.Debug|Any CPU.ActiveCfg = Debug|Any CPU
		{82D18D1F-7476-4C95-B1C4-D26758E1F573}.Debug|Any CPU.Build.0 = Debug|Any CPU
		{82D18D1F-7476-4C95-B1C4-D26758E1F573}.Release|Any CPU.ActiveCfg = Release|Any CPU
		{82D18D1F-7476-4C95-B1C4-D26758E1F573}.Release|Any CPU.Build.0 = Release|Any CPU
		{78CD51BE-0878-4FCD-BB48-C9972EB3A636}.Debug|Any CPU.ActiveCfg = Debug|Any CPU
		{78CD51BE-0878-4FCD-BB48-C9972EB3A636}.Debug|Any CPU.Build.0 = Debug|Any CPU
		{78CD51BE-0878-4FCD-BB48-C9972EB3A636}.Release|Any CPU.ActiveCfg = Release|Any CPU
		{78CD51BE-0878-4FCD-BB48-C9972EB3A636}.Release|Any CPU.Build.0 = Release|Any CPU
		{28373328-5CFA-49FD-A408-6B365BF322D3}.Debug|Any CPU.ActiveCfg = Debug|Any CPU
		{28373328-5CFA-49FD-A408-6B365BF322D3}.Debug|Any CPU.Build.0 = Debug|Any CPU
		{28373328-5CFA-49FD-A408-6B365BF322D3}.Release|Any CPU.ActiveCfg = Release|Any CPU
		{28373328-5CFA-49FD-A408-6B365BF322D3}.Release|Any CPU.Build.0 = Release|Any CPU
	EndGlobalSection
EndGlobal
